
Microsoft Visual Studio Solution File, Format Version 12.00
# Visual Studio Version 17
VisualStudioVersion = 17.9.34728.123
MinimumVisualStudioVersion = 10.0.40219.1
Project("{FAE04EC0-301F-11D3-BF4B-00C04F79EFBC}") = "02a", "02a.csproj", "{CF63C901-DC21-40E0-A634-351804E490B6}"
EndProject
Global
	GlobalSection(SolutionConfigurationPlatforms) = preSolution
		Debug|Any CPU = Debug|Any CPU
		Release|Any CPU = Release|Any CPU
	EndGlobalSection
	GlobalSection(ProjectConfigurationPlatforms) = postSolution
		{CF63C901-DC21-40E0-A634-351804E490B6}.Debug|Any CPU.ActiveCfg = Debug|Any CPU
		{CF63C901-DC21-40E0-A634-351804E490B6}.Debug|Any CPU.Build.0 = Debug|Any CPU
		{CF63C901-DC21-40E0-A634-351804E490B6}.Release|Any CPU.ActiveCfg = Release|Any CPU
		{CF63C901-DC21-40E0-A634-351804E490B6}.Release|Any CPU.Build.0 = Release|Any CPU
	EndGlobalSection
	GlobalSection(SolutionProperties) = preSolution
		HideSolutionNode = FALSE
	EndGlobalSection
	GlobalSection(ExtensibilityGlobals) = postSolution
		SolutionGuid = {C39C6B10-37E9-4AE8-B340-1B52929A8592}
	EndGlobalSection
EndGlobal
