
Microsoft Visual Studio Solution File, Format Version 12.00
# Visual Studio Version 17
VisualStudioVersion = 17.9.34728.123
MinimumVisualStudioVersion = 10.0.40219.1
Project("{FAE04EC0-301F-11D3-BF4B-00C04F79EFBC}") = "02c", "02c.csproj", "{99BB26A7-A5F3-4A6F-A3F6-EAD96B05AB5E}"
EndProject
Global
	GlobalSection(SolutionConfigurationPlatforms) = preSolution
		Debug|Any CPU = Debug|Any CPU
		Release|Any CPU = Release|Any CPU
	EndGlobalSection
	GlobalSection(ProjectConfigurationPlatforms) = postSolution
		{99BB26A7-A5F3-4A6F-A3F6-EAD96B05AB5E}.Debug|Any CPU.ActiveCfg = Debug|Any CPU
		{99BB26A7-A5F3-4A6F-A3F6-EAD96B05AB5E}.Debug|Any CPU.Build.0 = Debug|Any CPU
		{99BB26A7-A5F3-4A6F-A3F6-EAD96B05AB5E}.Release|Any CPU.ActiveCfg = Release|Any CPU
		{99BB26A7-A5F3-4A6F-A3F6-EAD96B05AB5E}.Release|Any CPU.Build.0 = Release|Any CPU
	EndGlobalSection
	GlobalSection(SolutionProperties) = preSolution
		HideSolutionNode = FALSE
	EndGlobalSection
	GlobalSection(ExtensibilityGlobals) = postSolution
		SolutionGuid = {6BCE1099-5A47-47EA-87BE-3C8FE07ED16C}
	EndGlobalSection
EndGlobal
