
Microsoft Visual Studio Solution File, Format Version 12.00
# Visual Studio Version 17
VisualStudioVersion = 17.9.34728.123
MinimumVisualStudioVersion = 10.0.40219.1
Project("{FAE04EC0-301F-11D3-BF4B-00C04F79EFBC}") = "07_ukol", "07_ukol.csproj", "{341B112F-04AD-4E56-A827-5985A116EACC}"
EndProject
Global
	GlobalSection(SolutionConfigurationPlatforms) = preSolution
		Debug|Any CPU = Debug|Any CPU
		Release|Any CPU = Release|Any CPU
	EndGlobalSection
	GlobalSection(ProjectConfigurationPlatforms) = postSolution
		{341B112F-04AD-4E56-A827-5985A116EACC}.Debug|Any CPU.ActiveCfg = Debug|Any CPU
		{341B112F-04AD-4E56-A827-5985A116EACC}.Debug|Any CPU.Build.0 = Debug|Any CPU
		{341B112F-04AD-4E56-A827-5985A116EACC}.Release|Any CPU.ActiveCfg = Release|Any CPU
		{341B112F-04AD-4E56-A827-5985A116EACC}.Release|Any CPU.Build.0 = Release|Any CPU
	EndGlobalSection
	GlobalSection(SolutionProperties) = preSolution
		HideSolutionNode = FALSE
	EndGlobalSection
	GlobalSection(ExtensibilityGlobals) = postSolution
		SolutionGuid = {55CEDE23-E8A3-4F5E-BF9C-19D1FA1C5B60}
	EndGlobalSection
EndGlobal
